// !$*UTF8*$!
{
	archiveVersion = 1;
	classes = {
	};
	objectVersion = 50;
	objects = {

/* Begin PBXBuildFile section */
		A4270C532455869B00D2A8DB /* User+CoreDataClass.swift in Sources */ = {isa = PBXBuildFile; fileRef = A4270C512455869B00D2A8DB /* User+CoreDataClass.swift */; };
		A4270C542455869B00D2A8DB /* User+CoreDataProperties.swift in Sources */ = {isa = PBXBuildFile; fileRef = A4270C522455869B00D2A8DB /* User+CoreDataProperties.swift */; };
		A4270C57245586BB00D2A8DB /* Book+CoreDataClass.swift in Sources */ = {isa = PBXBuildFile; fileRef = A4270C55245586BB00D2A8DB /* Book+CoreDataClass.swift */; };
		A4270C58245586BB00D2A8DB /* Book+CoreDataProperties.swift in Sources */ = {isa = PBXBuildFile; fileRef = A4270C56245586BB00D2A8DB /* Book+CoreDataProperties.swift */; };
		A4270C5F2455882D00D2A8DB /* Task+CoreDataClass.swift in Sources */ = {isa = PBXBuildFile; fileRef = A4270C5D2455882D00D2A8DB /* Task+CoreDataClass.swift */; };
		A4270C602455882D00D2A8DB /* Task+CoreDataProperties.swift in Sources */ = {isa = PBXBuildFile; fileRef = A4270C5E2455882D00D2A8DB /* Task+CoreDataProperties.swift */; };
		A452A4FF242BFB3300F57C97 /* DataController.swift in Sources */ = {isa = PBXBuildFile; fileRef = A452A4FE242BFB3300F57C97 /* DataController.swift */; };
		A460E9F1244AE68900C2481C /* ListPersonVC.swift in Sources */ = {isa = PBXBuildFile; fileRef = A460E9F0244AE68900C2481C /* ListPersonVC.swift */; };
		A4D13ED02427B7FB00348C77 /* AppDelegate.swift in Sources */ = {isa = PBXBuildFile; fileRef = A4D13ECF2427B7FA00348C77 /* AppDelegate.swift */; };
		A4D13ED22427B7FB00348C77 /* SceneDelegate.swift in Sources */ = {isa = PBXBuildFile; fileRef = A4D13ED12427B7FB00348C77 /* SceneDelegate.swift */; };
		A4D13ED72427B7FB00348C77 /* Main.storyboard in Resources */ = {isa = PBXBuildFile; fileRef = A4D13ED52427B7FB00348C77 /* Main.storyboard */; };
		A4D13EDA2427B7FB00348C77 /* LibraryDataModelVC.xcdatamodeld in Sources */ = {isa = PBXBuildFile; fileRef = A4D13ED82427B7FB00348C77 /* LibraryDataModelVC.xcdatamodeld */; };
		A4D13EDC2427B7FE00348C77 /* Assets.xcassets in Resources */ = {isa = PBXBuildFile; fileRef = A4D13EDB2427B7FE00348C77 /* Assets.xcassets */; };
		A4D13EDF2427B7FE00348C77 /* LaunchScreen.storyboard in Resources */ = {isa = PBXBuildFile; fileRef = A4D13EDD2427B7FE00348C77 /* LaunchScreen.storyboard */; };
/* End PBXBuildFile section */

/* Begin PBXFileReference section */
		A4270C512455869B00D2A8DB /* User+CoreDataClass.swift */ = {isa = PBXFileReference; lastKnownFileType = sourcecode.swift; path = "User+CoreDataClass.swift"; sourceTree = "<group>"; };
		A4270C522455869B00D2A8DB /* User+CoreDataProperties.swift */ = {isa = PBXFileReference; lastKnownFileType = sourcecode.swift; path = "User+CoreDataProperties.swift"; sourceTree = "<group>"; };
		A4270C55245586BB00D2A8DB /* Book+CoreDataClass.swift */ = {isa = PBXFileReference; lastKnownFileType = sourcecode.swift; path = "Book+CoreDataClass.swift"; sourceTree = "<group>"; };
		A4270C56245586BB00D2A8DB /* Book+CoreDataProperties.swift */ = {isa = PBXFileReference; lastKnownFileType = sourcecode.swift; path = "Book+CoreDataProperties.swift"; sourceTree = "<group>"; };
		A4270C5D2455882D00D2A8DB /* Task+CoreDataClass.swift */ = {isa = PBXFileReference; lastKnownFileType = sourcecode.swift; path = "Task+CoreDataClass.swift"; sourceTree = "<group>"; };
		A4270C5E2455882D00D2A8DB /* Task+CoreDataProperties.swift */ = {isa = PBXFileReference; lastKnownFileType = sourcecode.swift; path = "Task+CoreDataProperties.swift"; sourceTree = "<group>"; };
		A452A4FE242BFB3300F57C97 /* DataController.swift */ = {isa = PBXFileReference; lastKnownFileType = sourcecode.swift; path = DataController.swift; sourceTree = "<group>"; };
		A460E9F0244AE68900C2481C /* ListPersonVC.swift */ = {isa = PBXFileReference; lastKnownFileType = sourcecode.swift; path = ListPersonVC.swift; sourceTree = "<group>"; };
		A4D13ECC2427B7FA00348C77 /* CoreDataDemo.app */ = {isa = PBXFileReference; explicitFileType = wrapper.application; includeInIndex = 0; path = CoreDataDemo.app; sourceTree = BUILT_PRODUCTS_DIR; };
		A4D13ECF2427B7FA00348C77 /* AppDelegate.swift */ = {isa = PBXFileReference; lastKnownFileType = sourcecode.swift; path = AppDelegate.swift; sourceTree = "<group>"; };
		A4D13ED12427B7FB00348C77 /* SceneDelegate.swift */ = {isa = PBXFileReference; lastKnownFileType = sourcecode.swift; path = SceneDelegate.swift; sourceTree = "<group>"; };
		A4D13ED62427B7FB00348C77 /* Base */ = {isa = PBXFileReference; lastKnownFileType = file.storyboard; name = Base; path = Base.lproj/Main.storyboard; sourceTree = "<group>"; };
		A4D13ED92427B7FB00348C77 /* CoreDataDemo.xcdatamodel */ = {isa = PBXFileReference; lastKnownFileType = wrapper.xcdatamodel; path = CoreDataDemo.xcdatamodel; sourceTree = "<group>"; };
		A4D13EDB2427B7FE00348C77 /* Assets.xcassets */ = {isa = PBXFileReference; lastKnownFileType = folder.assetcatalog; path = Assets.xcassets; sourceTree = "<group>"; };
		A4D13EDE2427B7FE00348C77 /* Base */ = {isa = PBXFileReference; lastKnownFileType = file.storyboard; name = Base; path = Base.lproj/LaunchScreen.storyboard; sourceTree = "<group>"; };
		A4D13EE02427B7FE00348C77 /* Info.plist */ = {isa = PBXFileReference; lastKnownFileType = text.plist.xml; path = Info.plist; sourceTree = "<group>"; };
/* End PBXFileReference section */

/* Begin PBXFrameworksBuildPhase section */
		A4D13EC92427B7FA00348C77 /* Frameworks */ = {
			isa = PBXFrameworksBuildPhase;
			buildActionMask = 2147483647;
			files = (
			);
			runOnlyForDeploymentPostprocessing = 0;
		};
/* End PBXFrameworksBuildPhase section */

/* Begin PBXGroup section */
		A4D13EC32427B7FA00348C77 = {
			isa = PBXGroup;
			children = (
				A4270C5D2455882D00D2A8DB /* Task+CoreDataClass.swift */,
				A4270C5E2455882D00D2A8DB /* Task+CoreDataProperties.swift */,
				A4270C55245586BB00D2A8DB /* Book+CoreDataClass.swift */,
				A4270C56245586BB00D2A8DB /* Book+CoreDataProperties.swift */,
				A4270C512455869B00D2A8DB /* User+CoreDataClass.swift */,
				A4270C522455869B00D2A8DB /* User+CoreDataProperties.swift */,
				A4D13ECE2427B7FA00348C77 /* CoreDataDemo */,
				A4D13ECD2427B7FA00348C77 /* Products */,
			);
			sourceTree = "<group>";
		};
		A4D13ECD2427B7FA00348C77 /* Products */ = {
			isa = PBXGroup;
			children = (
				A4D13ECC2427B7FA00348C77 /* CoreDataDemo.app */,
			);
			name = Products;
			sourceTree = "<group>";
		};
		A4D13ECE2427B7FA00348C77 /* CoreDataDemo */ = {
			isa = PBXGroup;
			children = (
				A4D13ECF2427B7FA00348C77 /* AppDelegate.swift */,
				A4D13ED12427B7FB00348C77 /* SceneDelegate.swift */,
				A460E9F0244AE68900C2481C /* ListPersonVC.swift */,
				A452A4FE242BFB3300F57C97 /* DataController.swift */,
				A4D13ED52427B7FB00348C77 /* Main.storyboard */,
				A4D13EDB2427B7FE00348C77 /* Assets.xcassets */,
				A4D13EDD2427B7FE00348C77 /* LaunchScreen.storyboard */,
				A4D13EE02427B7FE00348C77 /* Info.plist */,
				A4D13ED82427B7FB00348C77 /* LibraryDataModelVC.xcdatamodeld */,
			);
			path = CoreDataDemo;
			sourceTree = "<group>";
		};
/* End PBXGroup section */

/* Begin PBXNativeTarget section */
		A4D13ECB2427B7FA00348C77 /* CoreDataDemo */ = {
			isa = PBXNativeTarget;
			buildConfigurationList = A4D13EE32427B7FE00348C77 /* Build configuration list for PBXNativeTarget "CoreDataDemo" */;
			buildPhases = (
				A4D13EC82427B7FA00348C77 /* Sources */,
				A4D13EC92427B7FA00348C77 /* Frameworks */,
				A4D13ECA2427B7FA00348C77 /* Resources */,
			);
			buildRules = (
			);
			dependencies = (
			);
			name = CoreDataDemo;
			productName = CoreDataDemo;
			productReference = A4D13ECC2427B7FA00348C77 /* CoreDataDemo.app */;
			productType = "com.apple.product-type.application";
		};
/* End PBXNativeTarget section */

/* Begin PBXProject section */
		A4D13EC42427B7FA00348C77 /* Project object */ = {
			isa = PBXProject;
			attributes = {
				LastSwiftUpdateCheck = 1130;
				LastUpgradeCheck = 1130;
				ORGANIZATIONNAME = Openapp;
				TargetAttributes = {
					A4D13ECB2427B7FA00348C77 = {
						CreatedOnToolsVersion = 11.3.1;
					};
				};
			};
			buildConfigurationList = A4D13EC72427B7FA00348C77 /* Build configuration list for PBXProject "CoreDataDemo" */;
			compatibilityVersion = "Xcode 9.3";
			developmentRegion = en;
			hasScannedForEncodings = 0;
			knownRegions = (
				en,
				Base,
			);
			mainGroup = A4D13EC32427B7FA00348C77;
			productRefGroup = A4D13ECD2427B7FA00348C77 /* Products */;
			projectDirPath = "";
			projectRoot = "";
			targets = (
				A4D13ECB2427B7FA00348C77 /* CoreDataDemo */,
			);
		};
/* End PBXProject section */

/* Begin PBXResourcesBuildPhase section */
		A4D13ECA2427B7FA00348C77 /* Resources */ = {
			isa = PBXResourcesBuildPhase;
			buildActionMask = 2147483647;
			files = (
				A4D13EDF2427B7FE00348C77 /* LaunchScreen.storyboard in Resources */,
				A4D13EDC2427B7FE00348C77 /* Assets.xcassets in Resources */,
				A4D13ED72427B7FB00348C77 /* Main.storyboard in Resources */,
			);
			runOnlyForDeploymentPostprocessing = 0;
		};
/* End PBXResourcesBuildPhase section */

/* Begin PBXSourcesBuildPhase section */
		A4D13EC82427B7FA00348C77 /* Sources */ = {
			isa = PBXSourcesBuildPhase;
			buildActionMask = 2147483647;
			files = (
				A460E9F1244AE68900C2481C /* ListPersonVC.swift in Sources */,
				A4D13EDA2427B7FB00348C77 /* LibraryDataModelVC.xcdatamodeld in Sources */,
				A4270C58245586BB00D2A8DB /* Book+CoreDataProperties.swift in Sources */,
				A4270C57245586BB00D2A8DB /* Book+CoreDataClass.swift in Sources */,
				A4270C602455882D00D2A8DB /* Task+CoreDataProperties.swift in Sources */,
				A4270C532455869B00D2A8DB /* User+CoreDataClass.swift in Sources */,
				A4270C542455869B00D2A8DB /* User+CoreDataProperties.swift in Sources */,
				A4270C5F2455882D00D2A8DB /* Task+CoreDataClass.swift in Sources */,
				A452A4FF242BFB3300F57C97 /* DataController.swift in Sources */,
				A4D13ED02427B7FB00348C77 /* AppDelegate.swift in Sources */,
				A4D13ED22427B7FB00348C77 /* SceneDelegate.swift in Sources */,
			);
			runOnlyForDeploymentPostprocessing = 0;
		};
/* End PBXSourcesBuildPhase section */

/* Begin PBXVariantGroup section */
		A4D13ED52427B7FB00348C77 /* Main.storyboard */ = {
			isa = PBXVariantGroup;
			children = (
				A4D13ED62427B7FB00348C77 /* Base */,
			);
			name = Main.storyboard;
			sourceTree = "<group>";
		};
		A4D13EDD2427B7FE00348C77 /* LaunchScreen.storyboard */ = {
			isa = PBXVariantGroup;
			children = (
				A4D13EDE2427B7FE00348C77 /* Base */,
			);
			name = LaunchScreen.storyboard;
			sourceTree = "<group>";
		};
/* End PBXVariantGroup section */

/* Begin XCBuildConfiguration section */
		A4D13EE12427B7FE00348C77 /* Debug */ = {
			isa = XCBuildConfiguration;
			buildSettings = {
				ALWAYS_SEARCH_USER_PATHS = NO;
				CLANG_ANALYZER_NONNULL = YES;
				CLANG_ANALYZER_NUMBER_OBJECT_CONVERSION = YES_AGGRESSIVE;
				CLANG_CXX_LANGUAGE_STANDARD = "gnu++14";
				CLANG_CXX_LIBRARY = "libc++";
				CLANG_ENABLE_MODULES = YES;
				CLANG_ENABLE_OBJC_ARC = YES;
				CLANG_ENABLE_OBJC_WEAK = YES;
				CLANG_WARN_BLOCK_CAPTURE_AUTORELEASING = YES;
				CLANG_WARN_BOOL_CONVERSION = YES;
				CLANG_WARN_COMMA = YES;
				CLANG_WARN_CONSTANT_CONVERSION = YES;
				CLANG_WARN_DEPRECATED_OBJC_IMPLEMENTATIONS = YES;
				CLANG_WARN_DIRECT_OBJC_ISA_USAGE = YES_ERROR;
				CLANG_WARN_DOCUMENTATION_COMMENTS = YES;
				CLANG_WARN_EMPTY_BODY = YES;
				CLANG_WARN_ENUM_CONVERSION = YES;
				CLANG_WARN_INFINITE_RECURSION = YES;
				CLANG_WARN_INT_CONVERSION = YES;
				CLANG_WARN_NON_LITERAL_NULL_CONVERSION = YES;
				CLANG_WARN_OBJC_IMPLICIT_RETAIN_SELF = YES;
				CLANG_WARN_OBJC_LITERAL_CONVERSION = YES;
				CLANG_WARN_OBJC_ROOT_CLASS = YES_ERROR;
				CLANG_WARN_RANGE_LOOP_ANALYSIS = YES;
				CLANG_WARN_STRICT_PROTOTYPES = YES;
				CLANG_WARN_SUSPICIOUS_MOVE = YES;
				CLANG_WARN_UNGUARDED_AVAILABILITY = YES_AGGRESSIVE;
				CLANG_WARN_UNREACHABLE_CODE = YES;
				CLANG_WARN__DUPLICATE_METHOD_MATCH = YES;
				COPY_PHASE_STRIP = NO;
				DEBUG_INFORMATION_FORMAT = dwarf;
				ENABLE_STRICT_OBJC_MSGSEND = YES;
				ENABLE_TESTABILITY = YES;
				GCC_C_LANGUAGE_STANDARD = gnu11;
				GCC_DYNAMIC_NO_PIC = NO;
				GCC_NO_COMMON_BLOCKS = YES;
				GCC_OPTIMIZATION_LEVEL = 0;
				GCC_PREPROCESSOR_DEFINITIONS = (
					"DEBUG=1",
					"$(inherited)",
				);
				GCC_WARN_64_TO_32_BIT_CONVERSION = YES;
				GCC_WARN_ABOUT_RETURN_TYPE = YES_ERROR;
				GCC_WARN_UNDECLARED_SELECTOR = YES;
				GCC_WARN_UNINITIALIZED_AUTOS = YES_AGGRESSIVE;
				GCC_WARN_UNUSED_FUNCTION = YES;
				GCC_WARN_UNUSED_VARIABLE = YES;
				IPHONEOS_DEPLOYMENT_TARGET = 13.2;
				MTL_ENABLE_DEBUG_INFO = INCLUDE_SOURCE;
				MTL_FAST_MATH = YES;
				ONLY_ACTIVE_ARCH = YES;
				SDKROOT = iphoneos;
				SWIFT_ACTIVE_COMPILATION_CONDITIONS = DEBUG;
				SWIFT_OPTIMIZATION_LEVEL = "-Onone";
			};
			name = Debug;
		};
		A4D13EE22427B7FE00348C77 /* Release */ = {
			isa = XCBuildConfiguration;
			buildSettings = {
				ALWAYS_SEARCH_USER_PATHS = NO;
				CLANG_ANALYZER_NONNULL = YES;
				CLANG_ANALYZER_NUMBER_OBJECT_CONVERSION = YES_AGGRESSIVE;
				CLANG_CXX_LANGUAGE_STANDARD = "gnu++14";
				CLANG_CXX_LIBRARY = "libc++";
				CLANG_ENABLE_MODULES = YES;
				CLANG_ENABLE_OBJC_ARC = YES;
				CLANG_ENABLE_OBJC_WEAK = YES;
				CLANG_WARN_BLOCK_CAPTURE_AUTORELEASING = YES;
				CLANG_WARN_BOOL_CONVERSION = YES;
				CLANG_WARN_COMMA = YES;
				CLANG_WARN_CONSTANT_CONVERSION = YES;
				CLANG_WARN_DEPRECATED_OBJC_IMPLEMENTATIONS = YES;
				CLANG_WARN_DIRECT_OBJC_ISA_USAGE = YES_ERROR;
				CLANG_WARN_DOCUMENTATION_COMMENTS = YES;
				CLANG_WARN_EMPTY_BODY = YES;
				CLANG_WARN_ENUM_CONVERSION = YES;
				CLANG_WARN_INFINITE_RECURSION = YES;
				CLANG_WARN_INT_CONVERSION = YES;
				CLANG_WARN_NON_LITERAL_NULL_CONVERSION = YES;
				CLANG_WARN_OBJC_IMPLICIT_RETAIN_SELF = YES;
				CLANG_WARN_OBJC_LITERAL_CONVERSION = YES;
				CLANG_WARN_OBJC_ROOT_CLASS = YES_ERROR;
				CLANG_WARN_RANGE_LOOP_ANALYSIS = YES;
				CLANG_WARN_STRICT_PROTOTYPES = YES;
				CLANG_WARN_SUSPICIOUS_MOVE = YES;
				CLANG_WARN_UNGUARDED_AVAILABILITY = YES_AGGRESSIVE;
				CLANG_WARN_UNREACHABLE_CODE = YES;
				CLANG_WARN__DUPLICATE_METHOD_MATCH = YES;
				COPY_PHASE_STRIP = NO;
				DEBUG_INFORMATION_FORMAT = "dwarf-with-dsym";
				ENABLE_NS_ASSERTIONS = NO;
				ENABLE_STRICT_OBJC_MSGSEND = YES;
				GCC_C_LANGUAGE_STANDARD = gnu11;
				GCC_NO_COMMON_BLOCKS = YES;
				GCC_WARN_64_TO_32_BIT_CONVERSION = YES;
				GCC_WARN_ABOUT_RETURN_TYPE = YES_ERROR;
				GCC_WARN_UNDECLARED_SELECTOR = YES;
				GCC_WARN_UNINITIALIZED_AUTOS = YES_AGGRESSIVE;
				GCC_WARN_UNUSED_FUNCTION = YES;
				GCC_WARN_UNUSED_VARIABLE = YES;
				IPHONEOS_DEPLOYMENT_TARGET = 13.2;
				MTL_ENABLE_DEBUG_INFO = NO;
				MTL_FAST_MATH = YES;
				SDKROOT = iphoneos;
				SWIFT_COMPILATION_MODE = wholemodule;
				SWIFT_OPTIMIZATION_LEVEL = "-O";
				VALIDATE_PRODUCT = YES;
			};
			name = Release;
		};
		A4D13EE42427B7FE00348C77 /* Debug */ = {
			isa = XCBuildConfiguration;
			buildSettings = {
				ASSETCATALOG_COMPILER_APPICON_NAME = AppIcon;
				CODE_SIGN_STYLE = Manual;
				DEVELOPMENT_TEAM = "";
				INFOPLIST_FILE = CoreDataDemo/Info.plist;
				LD_RUNPATH_SEARCH_PATHS = (
					"$(inherited)",
					"@executable_path/Frameworks",
				);
				PRODUCT_BUNDLE_IDENTIFIER = com.CoreDataDemo;
				PRODUCT_NAME = "$(TARGET_NAME)";
				PROVISIONING_PROFILE_SPECIFIER = "";
				SWIFT_VERSION = 5.0;
				TARGETED_DEVICE_FAMILY = "1,2";
			};
			name = Debug;
		};
		A4D13EE52427B7FE00348C77 /* Release */ = {
			isa = XCBuildConfiguration;
			buildSettings = {
				ASSETCATALOG_COMPILER_APPICON_NAME = AppIcon;
				CODE_SIGN_STYLE = Manual;
				DEVELOPMENT_TEAM = "";
				INFOPLIST_FILE = CoreDataDemo/Info.plist;
				LD_RUNPATH_SEARCH_PATHS = (
					"$(inherited)",
					"@executable_path/Frameworks",
				);
				PRODUCT_BUNDLE_IDENTIFIER = com.CoreDataDemo;
				PRODUCT_NAME = "$(TARGET_NAME)";
				PROVISIONING_PROFILE_SPECIFIER = "";
				SWIFT_VERSION = 5.0;
				TARGETED_DEVICE_FAMILY = "1,2";
			};
			name = Release;
		};
/* End XCBuildConfiguration section */

/* Begin XCConfigurationList section */
		A4D13EC72427B7FA00348C77 /* Build configuration list for PBXProject "CoreDataDemo" */ = {
			isa = XCConfigurationList;
			buildConfigurations = (
				A4D13EE12427B7FE00348C77 /* Debug */,
				A4D13EE22427B7FE00348C77 /* Release */,
			);
			defaultConfigurationIsVisible = 0;
			defaultConfigurationName = Release;
		};
		A4D13EE32427B7FE00348C77 /* Build configuration list for PBXNativeTarget "CoreDataDemo" */ = {
			isa = XCConfigurationList;
			buildConfigurations = (
				A4D13EE42427B7FE00348C77 /* Debug */,
				A4D13EE52427B7FE00348C77 /* Release */,
			);
			defaultConfigurationIsVisible = 0;
			defaultConfigurationName = Release;
		};
/* End XCConfigurationList section */

/* Begin XCVersionGroup section */
		A4D13ED82427B7FB00348C77 /* LibraryDataModelVC.xcdatamodeld */ = {
			isa = XCVersionGroup;
			children = (
				A4D13ED92427B7FB00348C77 /* CoreDataDemo.xcdatamodel */,
			);
			currentVersion = A4D13ED92427B7FB00348C77 /* CoreDataDemo.xcdatamodel */;
			path = LibraryDataModelVC.xcdatamodeld;
			sourceTree = "<group>";
			versionGroupType = wrapper.xcdatamodel;
		};
/* End XCVersionGroup section */
	};
	rootObject = A4D13EC42427B7FA00348C77 /* Project object */;
}
